// !$*UTF8*$!
{
	archiveVersion = 1;
	classes = {
	};
	objectVersion = 46;
	objects = {

/* Begin PBXBuildFile section */
		820191061C1488BC00F5F7CA /* HYTStatusCellToolBar.m in Sources */ = {isa = PBXBuildFile; fileRef = 820191051C1488BC00F5F7CA /* HYTStatusCellToolBar.m */; };
		8206786D1BB1B6FB00F698C0 /* HYSearchBar.m in Sources */ = {isa = PBXBuildFile; fileRef = 8206786C1BB1B6FB00F698C0 /* HYSearchBar.m */; };
		8217FF941C0DF4500063A100 /* HYTFooterRefreshView.m in Sources */ = {isa = PBXBuildFile; fileRef = 8217FF931C0DF4500063A100 /* HYTFooterRefreshView.m */; };
		821AB06F1B76517A00E793B1 /* Images.xcassets in Resources */ = {isa = PBXBuildFile; fileRef = 821AB06E1B76517A00E793B1 /* Images.xcassets */; };
		821AB0721B76517A00E793B1 /* LaunchScreen.xib in Resources */ = {isa = PBXBuildFile; fileRef = 821AB0701B76517A00E793B1 /* LaunchScreen.xib */; };
		821AB07E1B76517A00E793B1 /* ____Tests.m in Sources */ = {isa = PBXBuildFile; fileRef = 821AB07D1B76517A00E793B1 /* ____Tests.m */; };
		823977DE1C045E7F00707E75 /* HYTAccountTool.m in Sources */ = {isa = PBXBuildFile; fileRef = 823977DD1C045E7F00707E75 /* HYTAccountTool.m */; };
		823977E21C04732A00707E75 /* UIWindow+Extension.m in Sources */ = {isa = PBXBuildFile; fileRef = 823977E11C04732A00707E75 /* UIWindow+Extension.m */; };
		823FF7F01C118E1200D51B60 /* HYTStatusCell.m in Sources */ = {isa = PBXBuildFile; fileRef = 823FF7EF1C118E1200D51B60 /* HYTStatusCell.m */; };
		823FF7F31C118E2700D51B60 /* HYTStatusFrame.m in Sources */ = {isa = PBXBuildFile; fileRef = 823FF7F21C118E2700D51B60 /* HYTStatusFrame.m */; };
		824680611C11C52900B81579 /* NSString+Extension.m in Sources */ = {isa = PBXBuildFile; fileRef = 824680601C11C52900B81579 /* NSString+Extension.m */; };
		826298DD1B766B4100E1680C /* HYDiscoverController.m in Sources */ = {isa = PBXBuildFile; fileRef = 826298B91B766B4100E1680C /* HYDiscoverController.m */; };
		826298DE1B766B4100E1680C /* HYHomePageController.m in Sources */ = {isa = PBXBuildFile; fileRef = 826298BF1B766B4100E1680C /* HYHomePageController.m */; };
		826298DF1B766B4100E1680C /* AppDelegate.m in Sources */ = {isa = PBXBuildFile; fileRef = 826298C81B766B4100E1680C /* AppDelegate.m */; };
		826298E01B766B4100E1680C /* main.m in Sources */ = {isa = PBXBuildFile; fileRef = 826298CB1B766B4100E1680C /* main.m */; };
		826298E11B766B4100E1680C /* HYMessageCenterController.m in Sources */ = {isa = PBXBuildFile; fileRef = 826298CF1B766B4100E1680C /* HYMessageCenterController.m */; };
		826298E21B766B4100E1680C /* HYProflieController.m in Sources */ = {isa = PBXBuildFile; fileRef = 826298D51B766B4100E1680C /* HYProflieController.m */; };
		826298E31B766B4100E1680C /* HYTest1ViewController.m in Sources */ = {isa = PBXBuildFile; fileRef = 826298DA1B766B4100E1680C /* HYTest1ViewController.m */; };
		826298E41B766B4100E1680C /* HYTest2ViewController.m in Sources */ = {isa = PBXBuildFile; fileRef = 826298DC1B766B4100E1680C /* HYTest2ViewController.m */; };
		826298E71B766D2C00E1680C /* HYTabbarController.m in Sources */ = {isa = PBXBuildFile; fileRef = 826298E61B766D2C00E1680C /* HYTabbarController.m */; };
		826298EA1B766D5100E1680C /* HYNavigationController.m in Sources */ = {isa = PBXBuildFile; fileRef = 826298E91B766D5100E1680C /* HYNavigationController.m */; };
		8265CBC41BE73F7500E8A690 /* Constant.m in Sources */ = {isa = PBXBuildFile; fileRef = 8265CBC31BE73F7500E8A690 /* Constant.m */; };
		827CCE0A1BD544E3005B5FAD /* HYTNewFeatureController.m in Sources */ = {isa = PBXBuildFile; fileRef = 827CCE091BD544E3005B5FAD /* HYTNewFeatureController.m */; };
		82830EEB1C0431470019B30D /* HYTAccount.m in Sources */ = {isa = PBXBuildFile; fileRef = 82830EEA1C0431470019B30D /* HYTAccount.m */; };
		82907D351BBADE9D0043D7F4 /* YTTabBar.m in Sources */ = {isa = PBXBuildFile; fileRef = 82907D341BBADE9D0043D7F4 /* YTTabBar.m */; };
		8292F0B01C3381D000B0DEE8 /* HYTStatusPictureView.m in Sources */ = {isa = PBXBuildFile; fileRef = 8292F0AF1C3381D000B0DEE8 /* HYTStatusPictureView.m */; };
		8292F0B31C3381EE00B0DEE8 /* HYTStatusPicturesView.m in Sources */ = {isa = PBXBuildFile; fileRef = 8292F0B21C3381EE00B0DEE8 /* HYTStatusPicturesView.m */; };
		82A2397E1BB05118006AD4C7 /* UIBarButtonItem+Extension.m in Sources */ = {isa = PBXBuildFile; fileRef = 82A2397D1BB05118006AD4C7 /* UIBarButtonItem+Extension.m */; };
		82C6920F1C0B3D76009214CC /* HYTStatus.m in Sources */ = {isa = PBXBuildFile; fileRef = 82C6920E1C0B3D76009214CC /* HYTStatus.m */; };
		82C692281C0B532F009214CC /* MJDictionaryCache.m in Sources */ = {isa = PBXBuildFile; fileRef = 82C692121C0B532F009214CC /* MJDictionaryCache.m */; };
		82C692291C0B532F009214CC /* MJExtensionConst.m in Sources */ = {isa = PBXBuildFile; fileRef = 82C692151C0B532F009214CC /* MJExtensionConst.m */; };
		82C6922A1C0B532F009214CC /* MJFoundation.m in Sources */ = {isa = PBXBuildFile; fileRef = 82C692171C0B532F009214CC /* MJFoundation.m */; };
		82C6922B1C0B532F009214CC /* MJProperty.m in Sources */ = {isa = PBXBuildFile; fileRef = 82C692191C0B532F009214CC /* MJProperty.m */; };
		82C6922C1C0B532F009214CC /* MJPropertyKey.m in Sources */ = {isa = PBXBuildFile; fileRef = 82C6921B1C0B532F009214CC /* MJPropertyKey.m */; };
		82C6922D1C0B532F009214CC /* MJPropertyType.m in Sources */ = {isa = PBXBuildFile; fileRef = 82C6921D1C0B532F009214CC /* MJPropertyType.m */; };
		82C6922E1C0B532F009214CC /* NSObject+MJClass.m in Sources */ = {isa = PBXBuildFile; fileRef = 82C6921F1C0B532F009214CC /* NSObject+MJClass.m */; };
		82C6922F1C0B532F009214CC /* NSObject+MJCoding.m in Sources */ = {isa = PBXBuildFile; fileRef = 82C692211C0B532F009214CC /* NSObject+MJCoding.m */; };
		82C692301C0B532F009214CC /* NSObject+MJKeyValue.m in Sources */ = {isa = PBXBuildFile; fileRef = 82C692231C0B532F009214CC /* NSObject+MJKeyValue.m */; };
		82C692311C0B532F009214CC /* NSObject+MJProperty.m in Sources */ = {isa = PBXBuildFile; fileRef = 82C692251C0B532F009214CC /* NSObject+MJProperty.m */; };
		82C692321C0B532F009214CC /* NSString+MJExtension.m in Sources */ = {isa = PBXBuildFile; fileRef = 82C692271C0B532F009214CC /* NSString+MJExtension.m */; };
		82D945581BBA41050070051B /* DropDownMenu.m in Sources */ = {isa = PBXBuildFile; fileRef = 82D945571BBA41050070051B /* DropDownMenu.m */; };
		82D9455B1BBA6D090070051B /* UIView+Extension.m in Sources */ = {isa = PBXBuildFile; fileRef = 82D9455A1BBA6D090070051B /* UIView+Extension.m */; };
		82D9455E1BBA88180070051B /* UIImage+Extension.m in Sources */ = {isa = PBXBuildFile; fileRef = 82D9455D1BBA88180070051B /* UIImage+Extension.m */; };
		82D945681BBBB1C10070051B /* NavTitleBtn.m in Sources */ = {isa = PBXBuildFile; fileRef = 82D945671BBBB1C10070051B /* NavTitleBtn.m */; };
		82F52DBC1BDFC0D100A509F5 /* HYTOAuthViewController.m in Sources */ = {isa = PBXBuildFile; fileRef = 82F52DBB1BDFC0D100A509F5 /* HYTOAuthViewController.m */; };
		82F52E121BDFDB8A00A509F5 /* AFHTTPRequestOperation.m in Sources */ = {isa = PBXBuildFile; fileRef = 82F52E001BDFDB8A00A509F5 /* AFHTTPRequestOperation.m */; };
		82F52E131BDFDB8A00A509F5 /* AFHTTPRequestOperationManager.m in Sources */ = {isa = PBXBuildFile; fileRef = 82F52E021BDFDB8A00A509F5 /* AFHTTPRequestOperationManager.m */; };
		82F52E141BDFDB8A00A509F5 /* AFHTTPSessionManager.m in Sources */ = {isa = PBXBuildFile; fileRef = 82F52E041BDFDB8A00A509F5 /* AFHTTPSessionManager.m */; };
		82F52E151BDFDB8A00A509F5 /* AFNetworkReachabilityManager.m in Sources */ = {isa = PBXBuildFile; fileRef = 82F52E071BDFDB8A00A509F5 /* AFNetworkReachabilityManager.m */; };
		82F52E161BDFDB8A00A509F5 /* AFSecurityPolicy.m in Sources */ = {isa = PBXBuildFile; fileRef = 82F52E091BDFDB8A00A509F5 /* AFSecurityPolicy.m */; };
		82F52E171BDFDB8A00A509F5 /* AFURLConnectionOperation.m in Sources */ = {isa = PBXBuildFile; fileRef = 82F52E0B1BDFDB8A00A509F5 /* AFURLConnectionOperation.m */; };
		82F52E181BDFDB8A00A509F5 /* AFURLRequestSerialization.m in Sources */ = {isa = PBXBuildFile; fileRef = 82F52E0D1BDFDB8A00A509F5 /* AFURLRequestSerialization.m */; };
		82F52E191BDFDB8A00A509F5 /* AFURLResponseSerialization.m in Sources */ = {isa = PBXBuildFile; fileRef = 82F52E0F1BDFDB8A00A509F5 /* AFURLResponseSerialization.m */; };
		82F52E1A1BDFDB8A00A509F5 /* AFURLSessionManager.m in Sources */ = {isa = PBXBuildFile; fileRef = 82F52E111BDFDB8A00A509F5 /* AFURLSessionManager.m */; };
		82FCE0C81C1325B20091CEEF /* HYTStatusPicture.m in Sources */ = {isa = PBXBuildFile; fileRef = 82FCE0C71C1325B20091CEEF /* HYTStatusPicture.m */; };
		82FE49BA1C0B14C100B7305F /* MKAnnotationView+WebCache.m in Sources */ = {isa = PBXBuildFile; fileRef = 82FE499A1C0B14C100B7305F /* MKAnnotationView+WebCache.m */; };
		82FE49BB1C0B14C100B7305F /* NSData+ImageContentType.m in Sources */ = {isa = PBXBuildFile; fileRef = 82FE499C1C0B14C100B7305F /* NSData+ImageContentType.m */; };
		82FE49BC1C0B14C100B7305F /* SDImageCache.m in Sources */ = {isa = PBXBuildFile; fileRef = 82FE499E1C0B14C100B7305F /* SDImageCache.m */; };
		82FE49BD1C0B14C100B7305F /* SDWebImageCompat.m in Sources */ = {isa = PBXBuildFile; fileRef = 82FE49A01C0B14C100B7305F /* SDWebImageCompat.m */; };
		82FE49BE1C0B14C100B7305F /* SDWebImageDecoder.m in Sources */ = {isa = PBXBuildFile; fileRef = 82FE49A21C0B14C100B7305F /* SDWebImageDecoder.m */; };
		82FE49BF1C0B14C100B7305F /* SDWebImageDownloader.m in Sources */ = {isa = PBXBuildFile; fileRef = 82FE49A41C0B14C100B7305F /* SDWebImageDownloader.m */; };
		82FE49C01C0B14C100B7305F /* SDWebImageDownloaderOperation.m in Sources */ = {isa = PBXBuildFile; fileRef = 82FE49A61C0B14C100B7305F /* SDWebImageDownloaderOperation.m */; };
		82FE49C11C0B14C100B7305F /* SDWebImageManager.m in Sources */ = {isa = PBXBuildFile; fileRef = 82FE49A81C0B14C100B7305F /* SDWebImageManager.m */; };
		82FE49C21C0B14C100B7305F /* SDWebImagePrefetcher.m in Sources */ = {isa = PBXBuildFile; fileRef = 82FE49AB1C0B14C100B7305F /* SDWebImagePrefetcher.m */; };
		82FE49C31C0B14C100B7305F /* UIButton+WebCache.m in Sources */ = {isa = PBXBuildFile; fileRef = 82FE49AD1C0B14C100B7305F /* UIButton+WebCache.m */; };
		82FE49C41C0B14C100B7305F /* UIImage+GIF.m in Sources */ = {isa = PBXBuildFile; fileRef = 82FE49AF1C0B14C100B7305F /* UIImage+GIF.m */; };
		82FE49C51C0B14C100B7305F /* UIImage+MultiFormat.m in Sources */ = {isa = PBXBuildFile; fileRef = 82FE49B11C0B14C100B7305F /* UIImage+MultiFormat.m */; };
		82FE49C61C0B14C100B7305F /* UIImage+WebP.m in Sources */ = {isa = PBXBuildFile; fileRef = 82FE49B31C0B14C100B7305F /* UIImage+WebP.m */; };
		82FE49C71C0B14C100B7305F /* UIImageView+HighlightedWebCache.m in Sources */ = {isa = PBXBuildFile; fileRef = 82FE49B51C0B14C100B7305F /* UIImageView+HighlightedWebCache.m */; };
		82FE49C81C0B14C100B7305F /* UIImageView+WebCache.m in Sources */ = {isa = PBXBuildFile; fileRef = 82FE49B71C0B14C100B7305F /* UIImageView+WebCache.m */; };
		82FE49C91C0B14C100B7305F /* UIView+WebCacheOperation.m in Sources */ = {isa = PBXBuildFile; fileRef = 82FE49B91C0B14C100B7305F /* UIView+WebCacheOperation.m */; };
		82FE49CF1C0B38A600B7305F /* HYTUser.m in Sources */ = {isa = PBXBuildFile; fileRef = 82FE49CE1C0B38A600B7305F /* HYTUser.m */; };
/* End PBXBuildFile section */

/* Begin PBXContainerItemProxy section */
		821AB0781B76517A00E793B1 /* PBXContainerItemProxy */ = {
			isa = PBXContainerItemProxy;
			containerPortal = 821AB0561B76517A00E793B1 /* Project object */;
			proxyType = 1;
			remoteGlobalIDString = 821AB05D1B76517A00E793B1;
			remoteInfo = "无法修盖";
		};
/* End PBXContainerItemProxy section */

/* Begin PBXFileReference section */
		820191041C1488BC00F5F7CA /* HYTStatusCellToolBar.h */ = {isa = PBXFileReference; fileEncoding = 4; lastKnownFileType = sourcecode.c.h; path = HYTStatusCellToolBar.h; sourceTree = "<group>"; };
		820191051C1488BC00F5F7CA /* HYTStatusCellToolBar.m */ = {isa = PBXFileReference; fileEncoding = 4; lastKnownFileType = sourcecode.c.objc; path = HYTStatusCellToolBar.m; sourceTree = "<group>"; };
		8206786B1BB1B6FB00F698C0 /* HYSearchBar.h */ = {isa = PBXFileReference; fileEncoding = 4; lastKnownFileType = sourcecode.c.h; path = HYSearchBar.h; sourceTree = "<group>"; };
		8206786C1BB1B6FB00F698C0 /* HYSearchBar.m */ = {isa = PBXFileReference; fileEncoding = 4; lastKnownFileType = sourcecode.c.objc; path = HYSearchBar.m; sourceTree = "<group>"; };
		8217FF921C0DF4500063A100 /* HYTFooterRefreshView.h */ = {isa = PBXFileReference; fileEncoding = 4; lastKnownFileType = sourcecode.c.h; path = HYTFooterRefreshView.h; sourceTree = "<group>"; };
		8217FF931C0DF4500063A100 /* HYTFooterRefreshView.m */ = {isa = PBXFileReference; fileEncoding = 4; lastKnownFileType = sourcecode.c.objc; path = HYTFooterRefreshView.m; sourceTree = "<group>"; };
		821AB05E1B76517A00E793B1 /* 无法修盖.app */ = {isa = PBXFileReference; explicitFileType = wrapper.application; includeInIndex = 0; path = "无法修盖.app"; sourceTree = BUILT_PRODUCTS_DIR; };
		821AB0621B76517A00E793B1 /* Info.plist */ = {isa = PBXFileReference; lastKnownFileType = text.plist.xml; path = Info.plist; sourceTree = "<group>"; };
		821AB06E1B76517A00E793B1 /* Images.xcassets */ = {isa = PBXFileReference; lastKnownFileType = folder.assetcatalog; path = Images.xcassets; sourceTree = "<group>"; };
		821AB0711B76517A00E793B1 /* Base */ = {isa = PBXFileReference; lastKnownFileType = file.xib; name = Base; path = Base.lproj/LaunchScreen.xib; sourceTree = "<group>"; };
		821AB0771B76517A00E793B1 /* 无法修盖Tests.xctest */ = {isa = PBXFileReference; explicitFileType = wrapper.cfbundle; includeInIndex = 0; path = "无法修盖Tests.xctest"; sourceTree = BUILT_PRODUCTS_DIR; };
		821AB07C1B76517A00E793B1 /* Info.plist */ = {isa = PBXFileReference; lastKnownFileType = text.plist.xml; path = Info.plist; sourceTree = "<group>"; };
		821AB07D1B76517A00E793B1 /* ____Tests.m */ = {isa = PBXFileReference; lastKnownFileType = sourcecode.c.objc; path = "____Tests.m"; sourceTree = "<group>"; };
		823977DC1C045E7F00707E75 /* HYTAccountTool.h */ = {isa = PBXFileReference; fileEncoding = 4; lastKnownFileType = sourcecode.c.h; path = HYTAccountTool.h; sourceTree = "<group>"; };
		823977DD1C045E7F00707E75 /* HYTAccountTool.m */ = {isa = PBXFileReference; fileEncoding = 4; lastKnownFileType = sourcecode.c.objc; path = HYTAccountTool.m; sourceTree = "<group>"; };
		823977E01C04732A00707E75 /* UIWindow+Extension.h */ = {isa = PBXFileReference; fileEncoding = 4; lastKnownFileType = sourcecode.c.h; path = "UIWindow+Extension.h"; sourceTree = "<group>"; };
		823977E11C04732A00707E75 /* UIWindow+Extension.m */ = {isa = PBXFileReference; fileEncoding = 4; lastKnownFileType = sourcecode.c.objc; path = "UIWindow+Extension.m"; sourceTree = "<group>"; };
		823FF7EE1C118E1200D51B60 /* HYTStatusCell.h */ = {isa = PBXFileReference; fileEncoding = 4; lastKnownFileType = sourcecode.c.h; path = HYTStatusCell.h; sourceTree = "<group>"; };
		823FF7EF1C118E1200D51B60 /* HYTStatusCell.m */ = {isa = PBXFileReference; fileEncoding = 4; lastKnownFileType = sourcecode.c.objc; path = HYTStatusCell.m; sourceTree = "<group>"; };
		823FF7F11C118E2700D51B60 /* HYTStatusFrame.h */ = {isa = PBXFileReference; fileEncoding = 4; lastKnownFileType = sourcecode.c.h; path = HYTStatusFrame.h; sourceTree = "<group>"; };
		823FF7F21C118E2700D51B60 /* HYTStatusFrame.m */ = {isa = PBXFileReference; fileEncoding = 4; lastKnownFileType = sourcecode.c.objc; path = HYTStatusFrame.m; sourceTree = "<group>"; };
		8246805F1C11C52900B81579 /* NSString+Extension.h */ = {isa = PBXFileReference; fileEncoding = 4; lastKnownFileType = sourcecode.c.h; path = "NSString+Extension.h"; sourceTree = "<group>"; };
		824680601C11C52900B81579 /* NSString+Extension.m */ = {isa = PBXFileReference; fileEncoding = 4; lastKnownFileType = sourcecode.c.objc; path = "NSString+Extension.m"; sourceTree = "<group>"; };
		826298B81B766B4100E1680C /* HYDiscoverController.h */ = {isa = PBXFileReference; fileEncoding = 4; lastKnownFileType = sourcecode.c.h; path = HYDiscoverController.h; sourceTree = "<group>"; };
		826298B91B766B4100E1680C /* HYDiscoverController.m */ = {isa = PBXFileReference; fileEncoding = 4; lastKnownFileType = sourcecode.c.objc; path = HYDiscoverController.m; sourceTree = "<group>"; };
		826298BE1B766B4100E1680C /* HYHomePageController.h */ = {isa = PBXFileReference; fileEncoding = 4; lastKnownFileType = sourcecode.c.h; path = HYHomePageController.h; sourceTree = "<group>"; };
		826298BF1B766B4100E1680C /* HYHomePageController.m */ = {isa = PBXFileReference; fileEncoding = 4; lastKnownFileType = sourcecode.c.objc; path = HYHomePageController.m; sourceTree = "<group>"; };
		826298C71B766B4100E1680C /* AppDelegate.h */ = {isa = PBXFileReference; fileEncoding = 4; lastKnownFileType = sourcecode.c.h; path = AppDelegate.h; sourceTree = "<group>"; };
		826298C81B766B4100E1680C /* AppDelegate.m */ = {isa = PBXFileReference; fileEncoding = 4; lastKnownFileType = sourcecode.c.objc; path = AppDelegate.m; sourceTree = "<group>"; };
		826298CB1B766B4100E1680C /* main.m */ = {isa = PBXFileReference; fileEncoding = 4; lastKnownFileType = sourcecode.c.objc; path = main.m; sourceTree = "<group>"; };
		826298CE1B766B4100E1680C /* HYMessageCenterController.h */ = {isa = PBXFileReference; fileEncoding = 4; lastKnownFileType = sourcecode.c.h; path = HYMessageCenterController.h; sourceTree = "<group>"; };
		826298CF1B766B4100E1680C /* HYMessageCenterController.m */ = {isa = PBXFileReference; fileEncoding = 4; lastKnownFileType = sourcecode.c.objc; path = HYMessageCenterController.m; sourceTree = "<group>"; };
		826298D41B766B4100E1680C /* HYProflieController.h */ = {isa = PBXFileReference; fileEncoding = 4; lastKnownFileType = sourcecode.c.h; path = HYProflieController.h; sourceTree = "<group>"; };
		826298D51B766B4100E1680C /* HYProflieController.m */ = {isa = PBXFileReference; fileEncoding = 4; lastKnownFileType = sourcecode.c.objc; path = HYProflieController.m; sourceTree = "<group>"; };
		826298D91B766B4100E1680C /* HYTest1ViewController.h */ = {isa = PBXFileReference; fileEncoding = 4; lastKnownFileType = sourcecode.c.h; path = HYTest1ViewController.h; sourceTree = "<group>"; };
		826298DA1B766B4100E1680C /* HYTest1ViewController.m */ = {isa = PBXFileReference; fileEncoding = 4; lastKnownFileType = sourcecode.c.objc; path = HYTest1ViewController.m; sourceTree = "<group>"; };
		826298DB1B766B4100E1680C /* HYTest2ViewController.h */ = {isa = PBXFileReference; fileEncoding = 4; lastKnownFileType = sourcecode.c.h; path = HYTest2ViewController.h; sourceTree = "<group>"; };
		826298DC1B766B4100E1680C /* HYTest2ViewController.m */ = {isa = PBXFileReference; fileEncoding = 4; lastKnownFileType = sourcecode.c.objc; path = HYTest2ViewController.m; sourceTree = "<group>"; };
		826298E51B766D2C00E1680C /* HYTabbarController.h */ = {isa = PBXFileReference; fileEncoding = 4; lastKnownFileType = sourcecode.c.h; path = HYTabbarController.h; sourceTree = "<group>"; };
		826298E61B766D2C00E1680C /* HYTabbarController.m */ = {isa = PBXFileReference; fileEncoding = 4; lastKnownFileType = sourcecode.c.objc; path = HYTabbarController.m; sourceTree = "<group>"; };
		826298E81B766D5100E1680C /* HYNavigationController.h */ = {isa = PBXFileReference; fileEncoding = 4; lastKnownFileType = sourcecode.c.h; path = HYNavigationController.h; sourceTree = "<group>"; };
		826298E91B766D5100E1680C /* HYNavigationController.m */ = {isa = PBXFileReference; fileEncoding = 4; lastKnownFileType = sourcecode.c.objc; path = HYNavigationController.m; sourceTree = "<group>"; };
		8265CBC21BE73F7500E8A690 /* Constant.h */ = {isa = PBXFileReference; fileEncoding = 4; lastKnownFileType = sourcecode.c.h; path = Constant.h; sourceTree = "<group>"; };
		8265CBC31BE73F7500E8A690 /* Constant.m */ = {isa = PBXFileReference; fileEncoding = 4; lastKnownFileType = sourcecode.c.objc; path = Constant.m; sourceTree = "<group>"; };
		827CCE081BD544E3005B5FAD /* HYTNewFeatureController.h */ = {isa = PBXFileReference; fileEncoding = 4; lastKnownFileType = sourcecode.c.h; path = HYTNewFeatureController.h; sourceTree = "<group>"; };
		827CCE091BD544E3005B5FAD /* HYTNewFeatureController.m */ = {isa = PBXFileReference; fileEncoding = 4; lastKnownFileType = sourcecode.c.objc; path = HYTNewFeatureController.m; sourceTree = "<group>"; };
		82830EE91C0431470019B30D /* HYTAccount.h */ = {isa = PBXFileReference; fileEncoding = 4; lastKnownFileType = sourcecode.c.h; path = HYTAccount.h; sourceTree = "<group>"; };
		82830EEA1C0431470019B30D /* HYTAccount.m */ = {isa = PBXFileReference; fileEncoding = 4; lastKnownFileType = sourcecode.c.objc; path = HYTAccount.m; sourceTree = "<group>"; };
		82907D331BBADE9D0043D7F4 /* YTTabBar.h */ = {isa = PBXFileReference; fileEncoding = 4; lastKnownFileType = sourcecode.c.h; path = YTTabBar.h; sourceTree = "<group>"; };
		82907D341BBADE9D0043D7F4 /* YTTabBar.m */ = {isa = PBXFileReference; fileEncoding = 4; lastKnownFileType = sourcecode.c.objc; path = YTTabBar.m; sourceTree = "<group>"; };
		8292F0AE1C3381D000B0DEE8 /* HYTStatusPictureView.h */ = {isa = PBXFileReference; fileEncoding = 4; lastKnownFileType = sourcecode.c.h; path = HYTStatusPictureView.h; sourceTree = "<group>"; };
		8292F0AF1C3381D000B0DEE8 /* HYTStatusPictureView.m */ = {isa = PBXFileReference; fileEncoding = 4; lastKnownFileType = sourcecode.c.objc; path = HYTStatusPictureView.m; sourceTree = "<group>"; };
		8292F0B11C3381EE00B0DEE8 /* HYTStatusPicturesView.h */ = {isa = PBXFileReference; fileEncoding = 4; lastKnownFileType = sourcecode.c.h; path = HYTStatusPicturesView.h; sourceTree = "<group>"; };
		8292F0B21C3381EE00B0DEE8 /* HYTStatusPicturesView.m */ = {isa = PBXFileReference; fileEncoding = 4; lastKnownFileType = sourcecode.c.objc; path = HYTStatusPicturesView.m; sourceTree = "<group>"; };
		82A2397C1BB05118006AD4C7 /* UIBarButtonItem+Extension.h */ = {isa = PBXFileReference; fileEncoding = 4; lastKnownFileType = sourcecode.c.h; path = "UIBarButtonItem+Extension.h"; sourceTree = "<group>"; };
		82A2397D1BB05118006AD4C7 /* UIBarButtonItem+Extension.m */ = {isa = PBXFileReference; fileEncoding = 4; lastKnownFileType = sourcecode.c.objc; path = "UIBarButtonItem+Extension.m"; sourceTree = "<group>"; };
		82A2397F1BB05500006AD4C7 /* MicroBlog.pch */ = {isa = PBXFileReference; lastKnownFileType = sourcecode.c.h; path = MicroBlog.pch; sourceTree = "<group>"; };
		82C6920D1C0B3D76009214CC /* HYTStatus.h */ = {isa = PBXFileReference; fileEncoding = 4; lastKnownFileType = sourcecode.c.h; path = HYTStatus.h; sourceTree = "<group>"; };
		82C6920E1C0B3D76009214CC /* HYTStatus.m */ = {isa = PBXFileReference; fileEncoding = 4; lastKnownFileType = sourcecode.c.objc; path = HYTStatus.m; sourceTree = "<group>"; };
		82C692111C0B532F009214CC /* MJDictionaryCache.h */ = {isa = PBXFileReference; fileEncoding = 4; lastKnownFileType = sourcecode.c.h; path = MJDictionaryCache.h; sourceTree = "<group>"; };
		82C692121C0B532F009214CC /* MJDictionaryCache.m */ = {isa = PBXFileReference; fileEncoding = 4; lastKnownFileType = sourcecode.c.objc; path = MJDictionaryCache.m; sourceTree = "<group>"; };
		82C692131C0B532F009214CC /* MJExtension.h */ = {isa = PBXFileReference; fileEncoding = 4; lastKnownFileType = sourcecode.c.h; path = MJExtension.h; sourceTree = "<group>"; };
		82C692141C0B532F009214CC /* MJExtensionConst.h */ = {isa = PBXFileReference; fileEncoding = 4; lastKnownFileType = sourcecode.c.h; path = MJExtensionConst.h; sourceTree = "<group>"; };
		82C692151C0B532F009214CC /* MJExtensionConst.m */ = {isa = PBXFileReference; fileEncoding = 4; lastKnownFileType = sourcecode.c.objc; path = MJExtensionConst.m; sourceTree = "<group>"; };
		82C692161C0B532F009214CC /* MJFoundation.h */ = {isa = PBXFileReference; fileEncoding = 4; lastKnownFileType = sourcecode.c.h; path = MJFoundation.h; sourceTree = "<group>"; };
		82C692171C0B532F009214CC /* MJFoundation.m */ = {isa = PBXFileReference; fileEncoding = 4; lastKnownFileType = sourcecode.c.objc; path = MJFoundation.m; sourceTree = "<group>"; };
		82C692181C0B532F009214CC /* MJProperty.h */ = {isa = PBXFileReference; fileEncoding = 4; lastKnownFileType = sourcecode.c.h; path = MJProperty.h; sourceTree = "<group>"; };
		82C692191C0B532F009214CC /* MJProperty.m */ = {isa = PBXFileReference; fileEncoding = 4; lastKnownFileType = sourcecode.c.objc; path = MJProperty.m; sourceTree = "<group>"; };
		82C6921A1C0B532F009214CC /* MJPropertyKey.h */ = {isa = PBXFileReference; fileEncoding = 4; lastKnownFileType = sourcecode.c.h; path = MJPropertyKey.h; sourceTree = "<group>"; };
		82C6921B1C0B532F009214CC /* MJPropertyKey.m */ = {isa = PBXFileReference; fileEncoding = 4; lastKnownFileType = sourcecode.c.objc; path = MJPropertyKey.m; sourceTree = "<group>"; };
		82C6921C1C0B532F009214CC /* MJPropertyType.h */ = {isa = PBXFileReference; fileEncoding = 4; lastKnownFileType = sourcecode.c.h; path = MJPropertyType.h; sourceTree = "<group>"; };
		82C6921D1C0B532F009214CC /* MJPropertyType.m */ = {isa = PBXFileReference; fileEncoding = 4; lastKnownFileType = sourcecode.c.objc; path = MJPropertyType.m; sourceTree = "<group>"; };
		82C6921E1C0B532F009214CC /* NSObject+MJClass.h */ = {isa = PBXFileReference; fileEncoding = 4; lastKnownFileType = sourcecode.c.h; path = "NSObject+MJClass.h"; sourceTree = "<group>"; };
		82C6921F1C0B532F009214CC /* NSObject+MJClass.m */ = {isa = PBXFileReference; fileEncoding = 4; lastKnownFileType = sourcecode.c.objc; path = "NSObject+MJClass.m"; sourceTree = "<group>"; };
		82C692201C0B532F009214CC /* NSObject+MJCoding.h */ = {isa = PBXFileReference; fileEncoding = 4; lastKnownFileType = sourcecode.c.h; path = "NSObject+MJCoding.h"; sourceTree = "<group>"; };
		82C692211C0B532F009214CC /* NSObject+MJCoding.m */ = {isa = PBXFileReference; fileEncoding = 4; lastKnownFileType = sourcecode.c.objc; path = "NSObject+MJCoding.m"; sourceTree = "<group>"; };
		82C692221C0B532F009214CC /* NSObject+MJKeyValue.h */ = {isa = PBXFileReference; fileEncoding = 4; lastKnownFileType = sourcecode.c.h; path = "NSObject+MJKeyValue.h"; sourceTree = "<group>"; };
		82C692231C0B532F009214CC /* NSObject+MJKeyValue.m */ = {isa = PBXFileReference; fileEncoding = 4; lastKnownFileType = sourcecode.c.objc; path = "NSObject+MJKeyValue.m"; sourceTree = "<group>"; };
		82C692241C0B532F009214CC /* NSObject+MJProperty.h */ = {isa = PBXFileReference; fileEncoding = 4; lastKnownFileType = sourcecode.c.h; path = "NSObject+MJProperty.h"; sourceTree = "<group>"; };
		82C692251C0B532F009214CC /* NSObject+MJProperty.m */ = {isa = PBXFileReference; fileEncoding = 4; lastKnownFileType = sourcecode.c.objc; path = "NSObject+MJProperty.m"; sourceTree = "<group>"; };
		82C692261C0B532F009214CC /* NSString+MJExtension.h */ = {isa = PBXFileReference; fileEncoding = 4; lastKnownFileType = sourcecode.c.h; path = "NSString+MJExtension.h"; sourceTree = "<group>"; };
		82C692271C0B532F009214CC /* NSString+MJExtension.m */ = {isa = PBXFileReference; fileEncoding = 4; lastKnownFileType = sourcecode.c.objc; path = "NSString+MJExtension.m"; sourceTree = "<group>"; };
		82D945561BBA41050070051B /* DropDownMenu.h */ = {isa = PBXFileReference; fileEncoding = 4; lastKnownFileType = sourcecode.c.h; path = DropDownMenu.h; sourceTree = "<group>"; };
		82D945571BBA41050070051B /* DropDownMenu.m */ = {isa = PBXFileReference; fileEncoding = 4; lastKnownFileType = sourcecode.c.objc; path = DropDownMenu.m; sourceTree = "<group>"; };
		82D945591BBA6D090070051B /* UIView+Extension.h */ = {isa = PBXFileReference; fileEncoding = 4; lastKnownFileType = sourcecode.c.h; path = "UIView+Extension.h"; sourceTree = "<group>"; };
		82D9455A1BBA6D090070051B /* UIView+Extension.m */ = {isa = PBXFileReference; fileEncoding = 4; lastKnownFileType = sourcecode.c.objc; path = "UIView+Extension.m"; sourceTree = "<group>"; };
		82D9455C1BBA88180070051B /* UIImage+Extension.h */ = {isa = PBXFileReference; fileEncoding = 4; lastKnownFileType = sourcecode.c.h; path = "UIImage+Extension.h"; sourceTree = "<group>"; };
		82D9455D1BBA88180070051B /* UIImage+Extension.m */ = {isa = PBXFileReference; fileEncoding = 4; lastKnownFileType = sourcecode.c.objc; path = "UIImage+Extension.m"; sourceTree = "<group>"; };
		82D945661BBBB1C10070051B /* NavTitleBtn.h */ = {isa = PBXFileReference; fileEncoding = 4; lastKnownFileType = sourcecode.c.h; path = NavTitleBtn.h; sourceTree = "<group>"; };
		82D945671BBBB1C10070051B /* NavTitleBtn.m */ = {isa = PBXFileReference; fileEncoding = 4; lastKnownFileType = sourcecode.c.objc; path = NavTitleBtn.m; sourceTree = "<group>"; };
		82F52DBA1BDFC0D100A509F5 /* HYTOAuthViewController.h */ = {isa = PBXFileReference; fileEncoding = 4; lastKnownFileType = sourcecode.c.h; path = HYTOAuthViewController.h; sourceTree = "<group>"; };
		82F52DBB1BDFC0D100A509F5 /* HYTOAuthViewController.m */ = {isa = PBXFileReference; fileEncoding = 4; lastKnownFileType = sourcecode.c.objc; path = HYTOAuthViewController.m; sourceTree = "<group>"; };
		82F52DFF1BDFDB8A00A509F5 /* AFHTTPRequestOperation.h */ = {isa = PBXFileReference; fileEncoding = 4; lastKnownFileType = sourcecode.c.h; path = AFHTTPRequestOperation.h; sourceTree = "<group>"; };
		82F52E001BDFDB8A00A509F5 /* AFHTTPRequestOperation.m */ = {isa = PBXFileReference; fileEncoding = 4; lastKnownFileType = sourcecode.c.objc; path = AFHTTPRequestOperation.m; sourceTree = "<group>"; };
		82F52E011BDFDB8A00A509F5 /* AFHTTPRequestOperationManager.h */ = {isa = PBXFileReference; fileEncoding = 4; lastKnownFileType = sourcecode.c.h; path = AFHTTPRequestOperationManager.h; sourceTree = "<group>"; };
		82F52E021BDFDB8A00A509F5 /* AFHTTPRequestOperationManager.m */ = {isa = PBXFileReference; fileEncoding = 4; lastKnownFileType = sourcecode.c.objc; path = AFHTTPRequestOperationManager.m; sourceTree = "<group>"; };
		82F52E031BDFDB8A00A509F5 /* AFHTTPSessionManager.h */ = {isa = PBXFileReference; fileEncoding = 4; lastKnownFileType = sourcecode.c.h; path = AFHTTPSessionManager.h; sourceTree = "<group>"; };
		82F52E041BDFDB8A00A509F5 /* AFHTTPSessionManager.m */ = {isa = PBXFileReference; fileEncoding = 4; lastKnownFileType = sourcecode.c.objc; path = AFHTTPSessionManager.m; sourceTree = "<group>"; };
		82F52E051BDFDB8A00A509F5 /* AFNetworking.h */ = {isa = PBXFileReference; fileEncoding = 4; lastKnownFileType = sourcecode.c.h; path = AFNetworking.h; sourceTree = "<group>"; };
		82F52E061BDFDB8A00A509F5 /* AFNetworkReachabilityManager.h */ = {isa = PBXFileReference; fileEncoding = 4; lastKnownFileType = sourcecode.c.h; path = AFNetworkReachabilityManager.h; sourceTree = "<group>"; };
		82F52E071BDFDB8A00A509F5 /* AFNetworkReachabilityManager.m */ = {isa = PBXFileReference; fileEncoding = 4; lastKnownFileType = sourcecode.c.objc; path = AFNetworkReachabilityManager.m; sourceTree = "<group>"; };
		82F52E081BDFDB8A00A509F5 /* AFSecurityPolicy.h */ = {isa = PBXFileReference; fileEncoding = 4; lastKnownFileType = sourcecode.c.h; path = AFSecurityPolicy.h; sourceTree = "<group>"; };
		82F52E091BDFDB8A00A509F5 /* AFSecurityPolicy.m */ = {isa = PBXFileReference; fileEncoding = 4; lastKnownFileType = sourcecode.c.objc; path = AFSecurityPolicy.m; sourceTree = "<group>"; };
		82F52E0A1BDFDB8A00A509F5 /* AFURLConnectionOperation.h */ = {isa = PBXFileReference; fileEncoding = 4; lastKnownFileType = sourcecode.c.h; path = AFURLConnectionOperation.h; sourceTree = "<group>"; };
		82F52E0B1BDFDB8A00A509F5 /* AFURLConnectionOperation.m */ = {isa = PBXFileReference; fileEncoding = 4; lastKnownFileType = sourcecode.c.objc; path = AFURLConnectionOperation.m; sourceTree = "<group>"; };
		82F52E0C1BDFDB8A00A509F5 /* AFURLRequestSerialization.h */ = {isa = PBXFileReference; fileEncoding = 4; lastKnownFileType = sourcecode.c.h; path = AFURLRequestSerialization.h; sourceTree = "<group>"; };
		82F52E0D1BDFDB8A00A509F5 /* AFURLRequestSerialization.m */ = {isa = PBXFileReference; fileEncoding = 4; lastKnownFileType = sourcecode.c.objc; path = AFURLRequestSerialization.m; sourceTree = "<group>"; };
		82F52E0E1BDFDB8A00A509F5 /* AFURLResponseSerialization.h */ = {isa = PBXFileReference; fileEncoding = 4; lastKnownFileType = sourcecode.c.h; path = AFURLResponseSerialization.h; sourceTree = "<group>"; };
		82F52E0F1BDFDB8A00A509F5 /* AFURLResponseSerialization.m */ = {isa = PBXFileReference; fileEncoding = 4; lastKnownFileType = sourcecode.c.objc; path = AFURLResponseSerialization.m; sourceTree = "<group>"; };
		82F52E101BDFDB8A00A509F5 /* AFURLSessionManager.h */ = {isa = PBXFileReference; fileEncoding = 4; lastKnownFileType = sourcecode.c.h; path = AFURLSessionManager.h; sourceTree = "<group>"; };
		82F52E111BDFDB8A00A509F5 /* AFURLSessionManager.m */ = {isa = PBXFileReference; fileEncoding = 4; lastKnownFileType = sourcecode.c.objc; path = AFURLSessionManager.m; sourceTree = "<group>"; };
		82FCE0C61C1325B20091CEEF /* HYTStatusPicture.h */ = {isa = PBXFileReference; fileEncoding = 4; lastKnownFileType = sourcecode.c.h; path = HYTStatusPicture.h; sourceTree = "<group>"; };
		82FCE0C71C1325B20091CEEF /* HYTStatusPicture.m */ = {isa = PBXFileReference; fileEncoding = 4; lastKnownFileType = sourcecode.c.objc; path = HYTStatusPicture.m; sourceTree = "<group>"; };
		82FE49991C0B14C100B7305F /* MKAnnotationView+WebCache.h */ = {isa = PBXFileReference; fileEncoding = 4; lastKnownFileType = sourcecode.c.h; path = "MKAnnotationView+WebCache.h"; sourceTree = "<group>"; };
		82FE499A1C0B14C100B7305F /* MKAnnotationView+WebCache.m */ = {isa = PBXFileReference; fileEncoding = 4; lastKnownFileType = sourcecode.c.objc; path = "MKAnnotationView+WebCache.m"; sourceTree = "<group>"; };
		82FE499B1C0B14C100B7305F /* NSData+ImageContentType.h */ = {isa = PBXFileReference; fileEncoding = 4; lastKnownFileType = sourcecode.c.h; path = "NSData+ImageContentType.h"; sourceTree = "<group>"; };
		82FE499C1C0B14C100B7305F /* NSData+ImageContentType.m */ = {isa = PBXFileReference; fileEncoding = 4; lastKnownFileType = sourcecode.c.objc; path = "NSData+ImageContentType.m"; sourceTree = "<group>"; };
		82FE499D1C0B14C100B7305F /* SDImageCache.h */ = {isa = PBXFileReference; fileEncoding = 4; lastKnownFileType = sourcecode.c.h; path = SDImageCache.h; sourceTree = "<group>"; };
		82FE499E1C0B14C100B7305F /* SDImageCache.m */ = {isa = PBXFileReference; fileEncoding = 4; lastKnownFileType = sourcecode.c.objc; path = SDImageCache.m; sourceTree = "<group>"; };
		82FE499F1C0B14C100B7305F /* SDWebImageCompat.h */ = {isa = PBXFileReference; fileEncoding = 4; lastKnownFileType = sourcecode.c.h; path = SDWebImageCompat.h; sourceTree = "<group>"; };
		82FE49A01C0B14C100B7305F /* SDWebImageCompat.m */ = {isa = PBXFileReference; fileEncoding = 4; lastKnownFileType = sourcecode.c.objc; path = SDWebImageCompat.m; sourceTree = "<group>"; };
		82FE49A11C0B14C100B7305F /* SDWebImageDecoder.h */ = {isa = PBXFileReference; fileEncoding = 4; lastKnownFileType = sourcecode.c.h; path = SDWebImageDecoder.h; sourceTree = "<group>"; };
		82FE49A21C0B14C100B7305F /* SDWebImageDecoder.m */ = {isa = PBXFileReference; fileEncoding = 4; lastKnownFileType = sourcecode.c.objc; path = SDWebImageDecoder.m; sourceTree = "<group>"; };
		82FE49A31C0B14C100B7305F /* SDWebImageDownloader.h */ = {isa = PBXFileReference; fileEncoding = 4; lastKnownFileType = sourcecode.c.h; path = SDWebImageDownloader.h; sourceTree = "<group>"; };
		82FE49A41C0B14C100B7305F /* SDWebImageDownloader.m */ = {isa = PBXFileReference; fileEncoding = 4; lastKnownFileType = sourcecode.c.objc; path = SDWebImageDownloader.m; sourceTree = "<group>"; };
		82FE49A51C0B14C100B7305F /* SDWebImageDownloaderOperation.h */ = {isa = PBXFileReference; fileEncoding = 4; lastKnownFileType = sourcecode.c.h; path = SDWebImageDownloaderOperation.h; sourceTree = "<group>"; };
		82FE49A61C0B14C100B7305F /* SDWebImageDownloaderOperation.m */ = {isa = PBXFileReference; fileEncoding = 4; lastKnownFileType = sourcecode.c.objc; path = SDWebImageDownloaderOperation.m; sourceTree = "<group>"; };
		82FE49A71C0B14C100B7305F /* SDWebImageManager.h */ = {isa = PBXFileReference; fileEncoding = 4; lastKnownFileType = sourcecode.c.h; path = SDWebImageManager.h; sourceTree = "<group>"; };
		82FE49A81C0B14C100B7305F /* SDWebImageManager.m */ = {isa = PBXFileReference; fileEncoding = 4; lastKnownFileType = sourcecode.c.objc; path = SDWebImageManager.m; sourceTree = "<group>"; };
		82FE49A91C0B14C100B7305F /* SDWebImageOperation.h */ = {isa = PBXFileReference; fileEncoding = 4; lastKnownFileType = sourcecode.c.h; path = SDWebImageOperation.h; sourceTree = "<group>"; };
		82FE49AA1C0B14C100B7305F /* SDWebImagePrefetcher.h */ = {isa = PBXFileReference; fileEncoding = 4; lastKnownFileType = sourcecode.c.h; path = SDWebImagePrefetcher.h; sourceTree = "<group>"; };
		82FE49AB1C0B14C100B7305F /* SDWebImagePrefetcher.m */ = {isa = PBXFileReference; fileEncoding = 4; lastKnownFileType = sourcecode.c.objc; path = SDWebImagePrefetcher.m; sourceTree = "<group>"; };
		82FE49AC1C0B14C100B7305F /* UIButton+WebCache.h */ = {isa = PBXFileReference; fileEncoding = 4; lastKnownFileType = sourcecode.c.h; path = "UIButton+WebCache.h"; sourceTree = "<group>"; };
		82FE49AD1C0B14C100B7305F /* UIButton+WebCache.m */ = {isa = PBXFileReference; fileEncoding = 4; lastKnownFileType = sourcecode.c.objc; path = "UIButton+WebCache.m"; sourceTree = "<group>"; };
		82FE49AE1C0B14C100B7305F /* UIImage+GIF.h */ = {isa = PBXFileReference; fileEncoding = 4; lastKnownFileType = sourcecode.c.h; path = "UIImage+GIF.h"; sourceTree = "<group>"; };
		82FE49AF1C0B14C100B7305F /* UIImage+GIF.m */ = {isa = PBXFileReference; fileEncoding = 4; lastKnownFileType = sourcecode.c.objc; path = "UIImage+GIF.m"; sourceTree = "<group>"; };
		82FE49B01C0B14C100B7305F /* UIImage+MultiFormat.h */ = {isa = PBXFileReference; fileEncoding = 4; lastKnownFileType = sourcecode.c.h; path = "UIImage+MultiFormat.h"; sourceTree = "<group>"; };
		82FE49B11C0B14C100B7305F /* UIImage+MultiFormat.m */ = {isa = PBXFileReference; fileEncoding = 4; lastKnownFileType = sourcecode.c.objc; path = "UIImage+MultiFormat.m"; sourceTree = "<group>"; };
		82FE49B21C0B14C100B7305F /* UIImage+WebP.h */ = {isa = PBXFileReference; fileEncoding = 4; lastKnownFileType = sourcecode.c.h; path = "UIImage+WebP.h"; sourceTree = "<group>"; };
		82FE49B31C0B14C100B7305F /* UIImage+WebP.m */ = {isa = PBXFileReference; fileEncoding = 4; lastKnownFileType = sourcecode.c.objc; path = "UIImage+WebP.m"; sourceTree = "<group>"; };
		82FE49B41C0B14C100B7305F /* UIImageView+HighlightedWebCache.h */ = {isa = PBXFileReference; fileEncoding = 4; lastKnownFileType = sourcecode.c.h; path = "UIImageView+HighlightedWebCache.h"; sourceTree = "<group>"; };
		82FE49B51C0B14C100B7305F /* UIImageView+HighlightedWebCache.m */ = {isa = PBXFileReference; fileEncoding = 4; lastKnownFileType = sourcecode.c.objc; path = "UIImageView+HighlightedWebCache.m"; sourceTree = "<group>"; };
		82FE49B61C0B14C100B7305F /* UIImageView+WebCache.h */ = {isa = PBXFileReference; fileEncoding = 4; lastKnownFileType = sourcecode.c.h; path = "UIImageView+WebCache.h"; sourceTree = "<group>"; };
		82FE49B71C0B14C100B7305F /* UIImageView+WebCache.m */ = {isa = PBXFileReference; fileEncoding = 4; lastKnownFileType = sourcecode.c.objc; path = "UIImageView+WebCache.m"; sourceTree = "<group>"; };
		82FE49B81C0B14C100B7305F /* UIView+WebCacheOperation.h */ = {isa = PBXFileReference; fileEncoding = 4; lastKnownFileType = sourcecode.c.h; path = "UIView+WebCacheOperation.h"; sourceTree = "<group>"; };
		82FE49B91C0B14C100B7305F /* UIView+WebCacheOperation.m */ = {isa = PBXFileReference; fileEncoding = 4; lastKnownFileType = sourcecode.c.objc; path = "UIView+WebCacheOperation.m"; sourceTree = "<group>"; };
		82FE49CD1C0B38A600B7305F /* HYTUser.h */ = {isa = PBXFileReference; fileEncoding = 4; lastKnownFileType = sourcecode.c.h; path = HYTUser.h; sourceTree = "<group>"; };
		82FE49CE1C0B38A600B7305F /* HYTUser.m */ = {isa = PBXFileReference; fileEncoding = 4; lastKnownFileType = sourcecode.c.objc; path = HYTUser.m; sourceTree = "<group>"; };
/* End PBXFileReference section */

/* Begin PBXFrameworksBuildPhase section */
		821AB05B1B76517A00E793B1 /* Frameworks */ = {
			isa = PBXFrameworksBuildPhase;
			buildActionMask = 2147483647;
			files = (
			);
			runOnlyForDeploymentPostprocessing = 0;
		};
		821AB0741B76517A00E793B1 /* Frameworks */ = {
			isa = PBXFrameworksBuildPhase;
			buildActionMask = 2147483647;
			files = (
			);
			runOnlyForDeploymentPostprocessing = 0;
		};
/* End PBXFrameworksBuildPhase section */

/* Begin PBXGroup section */
		8206786A1BB1B6B100F698C0 /* Views */ = {
			isa = PBXGroup;
			children = (
				8206786B1BB1B6FB00F698C0 /* HYSearchBar.h */,
				8206786C1BB1B6FB00F698C0 /* HYSearchBar.m */,
				82D945561BBA41050070051B /* DropDownMenu.h */,
				82D945571BBA41050070051B /* DropDownMenu.m */,
				82907D331BBADE9D0043D7F4 /* YTTabBar.h */,
				82907D341BBADE9D0043D7F4 /* YTTabBar.m */,
				82D945661BBBB1C10070051B /* NavTitleBtn.h */,
				82D945671BBBB1C10070051B /* NavTitleBtn.m */,
			);
			path = Views;
			sourceTree = "<group>";
		};
		821AB0551B76517A00E793B1 = {
			isa = PBXGroup;
			children = (
				821AB0601B76517A00E793B1 /* 无法修盖 */,
				821AB07A1B76517A00E793B1 /* 无法修盖Tests */,
				821AB05F1B76517A00E793B1 /* Products */,
			);
			sourceTree = "<group>";
		};
		821AB05F1B76517A00E793B1 /* Products */ = {
			isa = PBXGroup;
			children = (
				821AB05E1B76517A00E793B1 /* 无法修盖.app */,
				821AB0771B76517A00E793B1 /* 无法修盖Tests.xctest */,
			);
			name = Products;
			sourceTree = "<group>";
		};
		821AB0601B76517A00E793B1 /* 无法修盖 */ = {
			isa = PBXGroup;
			children = (
				8283F4CE1BDE8A5A003AD687 /* OAuth */,
				826298C61B766B4100E1680C /* Main */,
				826298BC1B766B4100E1680C /* Home */,
				827CCE021BD5447C005B5FAD /* NewFeature */,
				826298CC1B766B4100E1680C /* MessageCenter */,
				826298B61B766B4100E1680C /* Discover */,
				826298D21B766B4100E1680C /* Profile */,
				82F52DFD1BDFDB7600A509F5 /* Libs */,
				826298D81B766B4100E1680C /* Temp */,
				821AB06E1B76517A00E793B1 /* Images.xcassets */,
				821AB0701B76517A00E793B1 /* LaunchScreen.xib */,
				821AB0611B76517A00E793B1 /* Supporting Files */,
			);
			path = "无法修盖";
			sourceTree = "<group>";
		};
		821AB0611B76517A00E793B1 /* Supporting Files */ = {
			isa = PBXGroup;
			children = (
				821AB0621B76517A00E793B1 /* Info.plist */,
				82A2397F1BB05500006AD4C7 /* MicroBlog.pch */,
				8265CBC21BE73F7500E8A690 /* Constant.h */,
				8265CBC31BE73F7500E8A690 /* Constant.m */,
			);
			name = "Supporting Files";
			sourceTree = "<group>";
		};
		821AB07A1B76517A00E793B1 /* 无法修盖Tests */ = {
			isa = PBXGroup;
			children = (
				821AB07D1B76517A00E793B1 /* ____Tests.m */,
				821AB07B1B76517A00E793B1 /* Supporting Files */,
			);
			path = "无法修盖Tests";
			sourceTree = "<group>";
		};
		821AB07B1B76517A00E793B1 /* Supporting Files */ = {
			isa = PBXGroup;
			children = (
				821AB07C1B76517A00E793B1 /* Info.plist */,
			);
			name = "Supporting Files";
			sourceTree = "<group>";
		};
		823977DB1C045E7000707E75 /* Tools */ = {
			isa = PBXGroup;
			children = (
				823977DC1C045E7F00707E75 /* HYTAccountTool.h */,
				823977DD1C045E7F00707E75 /* HYTAccountTool.m */,
			);
			path = Tools;
			sourceTree = "<group>";
		};
		826298B61B766B4100E1680C /* Discover */ = {
			isa = PBXGroup;
			children = (
				826298B71B766B4100E1680C /* Controller */,
				826298BA1B766B4100E1680C /* Model */,
				826298BB1B766B4100E1680C /* View */,
			);
			path = Discover;
			sourceTree = "<group>";
		};
		826298B71B766B4100E1680C /* Controller */ = {
			isa = PBXGroup;
			children = (
				826298B81B766B4100E1680C /* HYDiscoverController.h */,
				826298B91B766B4100E1680C /* HYDiscoverController.m */,
			);
			path = Controller;
			sourceTree = "<group>";
		};
		826298BA1B766B4100E1680C /* Model */ = {
			isa = PBXGroup;
			children = (
			);
			path = Model;
			sourceTree = "<group>";
		};
		826298BB1B766B4100E1680C /* View */ = {
			isa = PBXGroup;
			children = (
			);
			path = View;
			sourceTree = "<group>";
		};
		826298BC1B766B4100E1680C /* Home */ = {
			isa = PBXGroup;
			children = (
				826298BD1B766B4100E1680C /* Controller */,
				826298C01B766B4100E1680C /* Model */,
				826298C11B766B4100E1680C /* View */,
			);
			path = Home;
			sourceTree = "<group>";
		};
		826298BD1B766B4100E1680C /* Controller */ = {
			isa = PBXGroup;
			children = (
				826298BE1B766B4100E1680C /* HYHomePageController.h */,
				826298BF1B766B4100E1680C /* HYHomePageController.m */,
			);
			path = Controller;
			sourceTree = "<group>";
		};
		826298C01B766B4100E1680C /* Model */ = {
			isa = PBXGroup;
			children = (
				82FE49CD1C0B38A600B7305F /* HYTUser.h */,
				82FE49CE1C0B38A600B7305F /* HYTUser.m */,
				82C6920D1C0B3D76009214CC /* HYTStatus.h */,
				82C6920E1C0B3D76009214CC /* HYTStatus.m */,
				823FF7F11C118E2700D51B60 /* HYTStatusFrame.h */,
				823FF7F21C118E2700D51B60 /* HYTStatusFrame.m */,
				82FCE0C61C1325B20091CEEF /* HYTStatusPicture.h */,
				82FCE0C71C1325B20091CEEF /* HYTStatusPicture.m */,
			);
			path = Model;
			sourceTree = "<group>";
		};
		826298C11B766B4100E1680C /* View */ = {
			isa = PBXGroup;
			children = (
				8217FF921C0DF4500063A100 /* HYTFooterRefreshView.h */,
				8217FF931C0DF4500063A100 /* HYTFooterRefreshView.m */,
				820191041C1488BC00F5F7CA /* HYTStatusCellToolBar.h */,
				820191051C1488BC00F5F7CA /* HYTStatusCellToolBar.m */,
				823FF7EE1C118E1200D51B60 /* HYTStatusCell.h */,
				823FF7EF1C118E1200D51B60 /* HYTStatusCell.m */,
				8292F0AE1C3381D000B0DEE8 /* HYTStatusPictureView.h */,
				8292F0AF1C3381D000B0DEE8 /* HYTStatusPictureView.m */,
				8292F0B11C3381EE00B0DEE8 /* HYTStatusPicturesView.h */,
				8292F0B21C3381EE00B0DEE8 /* HYTStatusPicturesView.m */,
			);
			path = View;
			sourceTree = "<group>";
		};
		826298C61B766B4100E1680C /* Main */ = {
			isa = PBXGroup;
			children = (
				826298C71B766B4100E1680C /* AppDelegate.h */,
				826298C81B766B4100E1680C /* AppDelegate.m */,
				826298CA1B766B4100E1680C /* Controller */,
				826298C91B766B4100E1680C /* Category */,
				8206786A1BB1B6B100F698C0 /* Views */,
				826298CB1B766B4100E1680C /* main.m */,
			);
			path = Main;
			sourceTree = "<group>";
		};
		826298C91B766B4100E1680C /* Category */ = {
			isa = PBXGroup;
			children = (
				82A2397C1BB05118006AD4C7 /* UIBarButtonItem+Extension.h */,
				82A2397D1BB05118006AD4C7 /* UIBarButtonItem+Extension.m */,
				82D9455C1BBA88180070051B /* UIImage+Extension.h */,
				82D9455D1BBA88180070051B /* UIImage+Extension.m */,
				82D945591BBA6D090070051B /* UIView+Extension.h */,
				82D9455A1BBA6D090070051B /* UIView+Extension.m */,
				823977E01C04732A00707E75 /* UIWindow+Extension.h */,
				823977E11C04732A00707E75 /* UIWindow+Extension.m */,
				8246805F1C11C52900B81579 /* NSString+Extension.h */,
				824680601C11C52900B81579 /* NSString+Extension.m */,
			);
			path = Category;
			sourceTree = "<group>";
		};
		826298CA1B766B4100E1680C /* Controller */ = {
			isa = PBXGroup;
			children = (
				826298E51B766D2C00E1680C /* HYTabbarController.h */,
				826298E61B766D2C00E1680C /* HYTabbarController.m */,
				826298E81B766D5100E1680C /* HYNavigationController.h */,
				826298E91B766D5100E1680C /* HYNavigationController.m */,
			);
			path = Controller;
			sourceTree = "<group>";
		};
		826298CC1B766B4100E1680C /* MessageCenter */ = {
			isa = PBXGroup;
			children = (
				826298CD1B766B4100E1680C /* Controller */,
				826298D01B766B4100E1680C /* Model */,
				826298D11B766B4100E1680C /* View */,
			);
			path = MessageCenter;
			sourceTree = "<group>";
		};
		826298CD1B766B4100E1680C /* Controller */ = {
			isa = PBXGroup;
			children = (
				826298CE1B766B4100E1680C /* HYMessageCenterController.h */,
				826298CF1B766B4100E1680C /* HYMessageCenterController.m */,
			);
			path = Controller;
			sourceTree = "<group>";
		};
		826298D01B766B4100E1680C /* Model */ = {
			isa = PBXGroup;
			children = (
			);
			path = Model;
			sourceTree = "<group>";
		};
		826298D11B766B4100E1680C /* View */ = {
			isa = PBXGroup;
			children = (
			);
			path = View;
			sourceTree = "<group>";
		};
		826298D21B766B4100E1680C /* Profile */ = {
			isa = PBXGroup;
			children = (
				826298D31B766B4100E1680C /* Controller */,
				826298D61B766B4100E1680C /* Model */,
				826298D71B766B4100E1680C /* View */,
			);
			path = Profile;
			sourceTree = "<group>";
		};
		826298D31B766B4100E1680C /* Controller */ = {
			isa = PBXGroup;
			children = (
				826298D41B766B4100E1680C /* HYProflieController.h */,
				826298D51B766B4100E1680C /* HYProflieController.m */,
			);
			path = Controller;
			sourceTree = "<group>";
		};
		826298D61B766B4100E1680C /* Model */ = {
			isa = PBXGroup;
			children = (
			);
			path = Model;
			sourceTree = "<group>";
		};
		826298D71B766B4100E1680C /* View */ = {
			isa = PBXGroup;
			children = (
			);
			path = View;
			sourceTree = "<group>";
		};
		826298D81B766B4100E1680C /* Temp */ = {
			isa = PBXGroup;
			children = (
				826298D91B766B4100E1680C /* HYTest1ViewController.h */,
				826298DA1B766B4100E1680C /* HYTest1ViewController.m */,
				826298DB1B766B4100E1680C /* HYTest2ViewController.h */,
				826298DC1B766B4100E1680C /* HYTest2ViewController.m */,
			);
			path = Temp;
			sourceTree = "<group>";
		};
		827CCE021BD5447C005B5FAD /* NewFeature */ = {
			isa = PBXGroup;
			children = (
				827CCE031BD5447C005B5FAD /* Controller */,
				827CCE061BD5447C005B5FAD /* View */,
			);
			path = NewFeature;
			sourceTree = "<group>";
		};
		827CCE031BD5447C005B5FAD /* Controller */ = {
			isa = PBXGroup;
			children = (
				827CCE081BD544E3005B5FAD /* HYTNewFeatureController.h */,
				827CCE091BD544E3005B5FAD /* HYTNewFeatureController.m */,
			);
			path = Controller;
			sourceTree = "<group>";
		};
		827CCE061BD5447C005B5FAD /* View */ = {
			isa = PBXGroup;
			children = (
			);
			path = View;
			sourceTree = "<group>";
		};
		82830EE81C04312E0019B30D /* Model */ = {
			isa = PBXGroup;
			children = (
				82830EE91C0431470019B30D /* HYTAccount.h */,
				82830EEA1C0431470019B30D /* HYTAccount.m */,
			);
			path = Model;
			sourceTree = "<group>";
		};
		8283F4CE1BDE8A5A003AD687 /* OAuth */ = {
			isa = PBXGroup;
			children = (
				82830EE81C04312E0019B30D /* Model */,
				823977DB1C045E7000707E75 /* Tools */,
				8283F4CF1BDE8A5A003AD687 /* Controller */,
			);
			path = OAuth;
			sourceTree = "<group>";
		};
		8283F4CF1BDE8A5A003AD687 /* Controller */ = {
			isa = PBXGroup;
			children = (
				82F52DBA1BDFC0D100A509F5 /* HYTOAuthViewController.h */,
				82F52DBB1BDFC0D100A509F5 /* HYTOAuthViewController.m */,
			);
			path = Controller;
			sourceTree = "<group>";
		};
		82C692101C0B532F009214CC /* MJExtension */ = {
			isa = PBXGroup;
			children = (
				82C692111C0B532F009214CC /* MJDictionaryCache.h */,
				82C692121C0B532F009214CC /* MJDictionaryCache.m */,
				82C692131C0B532F009214CC /* MJExtension.h */,
				82C692141C0B532F009214CC /* MJExtensionConst.h */,
				82C692151C0B532F009214CC /* MJExtensionConst.m */,
				82C692161C0B532F009214CC /* MJFoundation.h */,
				82C692171C0B532F009214CC /* MJFoundation.m */,
				82C692181C0B532F009214CC /* MJProperty.h */,
				82C692191C0B532F009214CC /* MJProperty.m */,
				82C6921A1C0B532F009214CC /* MJPropertyKey.h */,
				82C6921B1C0B532F009214CC /* MJPropertyKey.m */,
				82C6921C1C0B532F009214CC /* MJPropertyType.h */,
				82C6921D1C0B532F009214CC /* MJPropertyType.m */,
				82C6921E1C0B532F009214CC /* NSObject+MJClass.h */,
				82C6921F1C0B532F009214CC /* NSObject+MJClass.m */,
				82C692201C0B532F009214CC /* NSObject+MJCoding.h */,
				82C692211C0B532F009214CC /* NSObject+MJCoding.m */,
				82C692221C0B532F009214CC /* NSObject+MJKeyValue.h */,
				82C692231C0B532F009214CC /* NSObject+MJKeyValue.m */,
				82C692241C0B532F009214CC /* NSObject+MJProperty.h */,
				82C692251C0B532F009214CC /* NSObject+MJProperty.m */,
				82C692261C0B532F009214CC /* NSString+MJExtension.h */,
				82C692271C0B532F009214CC /* NSString+MJExtension.m */,
			);
			path = MJExtension;
			sourceTree = "<group>";
		};
		82F52DFD1BDFDB7600A509F5 /* Libs */ = {
			isa = PBXGroup;
			children = (
				82C692101C0B532F009214CC /* MJExtension */,
				82FE49981C0B14C100B7305F /* SDWebImage */,
				82F52DFE1BDFDB8A00A509F5 /* AFNetworking */,
			);
			path = Libs;
			sourceTree = "<group>";
		};
		82F52DFE1BDFDB8A00A509F5 /* AFNetworking */ = {
			isa = PBXGroup;
			children = (
				82F52DFF1BDFDB8A00A509F5 /* AFHTTPRequestOperation.h */,
				82F52E001BDFDB8A00A509F5 /* AFHTTPRequestOperation.m */,
				82F52E011BDFDB8A00A509F5 /* AFHTTPRequestOperationManager.h */,
				82F52E021BDFDB8A00A509F5 /* AFHTTPRequestOperationManager.m */,
				82F52E031BDFDB8A00A509F5 /* AFHTTPSessionManager.h */,
				82F52E041BDFDB8A00A509F5 /* AFHTTPSessionManager.m */,
				82F52E051BDFDB8A00A509F5 /* AFNetworking.h */,
				82F52E061BDFDB8A00A509F5 /* AFNetworkReachabilityManager.h */,
				82F52E071BDFDB8A00A509F5 /* AFNetworkReachabilityManager.m */,
				82F52E081BDFDB8A00A509F5 /* AFSecurityPolicy.h */,
				82F52E091BDFDB8A00A509F5 /* AFSecurityPolicy.m */,
				82F52E0A1BDFDB8A00A509F5 /* AFURLConnectionOperation.h */,
				82F52E0B1BDFDB8A00A509F5 /* AFURLConnectionOperation.m */,
				82F52E0C1BDFDB8A00A509F5 /* AFURLRequestSerialization.h */,
				82F52E0D1BDFDB8A00A509F5 /* AFURLRequestSerialization.m */,
				82F52E0E1BDFDB8A00A509F5 /* AFURLResponseSerialization.h */,
				82F52E0F1BDFDB8A00A509F5 /* AFURLResponseSerialization.m */,
				82F52E101BDFDB8A00A509F5 /* AFURLSessionManager.h */,
				82F52E111BDFDB8A00A509F5 /* AFURLSessionManager.m */,
			);
			path = AFNetworking;
			sourceTree = "<group>";
		};
		82FE49981C0B14C100B7305F /* SDWebImage */ = {
			isa = PBXGroup;
			children = (
				82FE49991C0B14C100B7305F /* MKAnnotationView+WebCache.h */,
				82FE499A1C0B14C100B7305F /* MKAnnotationView+WebCache.m */,
				82FE499B1C0B14C100B7305F /* NSData+ImageContentType.h */,
				82FE499C1C0B14C100B7305F /* NSData+ImageContentType.m */,
				82FE499D1C0B14C100B7305F /* SDImageCache.h */,
				82FE499E1C0B14C100B7305F /* SDImageCache.m */,
				82FE499F1C0B14C100B7305F /* SDWebImageCompat.h */,
				82FE49A01C0B14C100B7305F /* SDWebImageCompat.m */,
				82FE49A11C0B14C100B7305F /* SDWebImageDecoder.h */,
				82FE49A21C0B14C100B7305F /* SDWebImageDecoder.m */,
				82FE49A31C0B14C100B7305F /* SDWebImageDownloader.h */,
				82FE49A41C0B14C100B7305F /* SDWebImageDownloader.m */,
				82FE49A51C0B14C100B7305F /* SDWebImageDownloaderOperation.h */,
				82FE49A61C0B14C100B7305F /* SDWebImageDownloaderOperation.m */,
				82FE49A71C0B14C100B7305F /* SDWebImageManager.h */,
				82FE49A81C0B14C100B7305F /* SDWebImageManager.m */,
				82FE49A91C0B14C100B7305F /* SDWebImageOperation.h */,
				82FE49AA1C0B14C100B7305F /* SDWebImagePrefetcher.h */,
				82FE49AB1C0B14C100B7305F /* SDWebImagePrefetcher.m */,
				82FE49AC1C0B14C100B7305F /* UIButton+WebCache.h */,
				82FE49AD1C0B14C100B7305F /* UIButton+WebCache.m */,
				82FE49AE1C0B14C100B7305F /* UIImage+GIF.h */,
				82FE49AF1C0B14C100B7305F /* UIImage+GIF.m */,
				82FE49B01C0B14C100B7305F /* UIImage+MultiFormat.h */,
				82FE49B11C0B14C100B7305F /* UIImage+MultiFormat.m */,
				82FE49B21C0B14C100B7305F /* UIImage+WebP.h */,
				82FE49B31C0B14C100B7305F /* UIImage+WebP.m */,
				82FE49B41C0B14C100B7305F /* UIImageView+HighlightedWebCache.h */,
				82FE49B51C0B14C100B7305F /* UIImageView+HighlightedWebCache.m */,
				82FE49B61C0B14C100B7305F /* UIImageView+WebCache.h */,
				82FE49B71C0B14C100B7305F /* UIImageView+WebCache.m */,
				82FE49B81C0B14C100B7305F /* UIView+WebCacheOperation.h */,
				82FE49B91C0B14C100B7305F /* UIView+WebCacheOperation.m */,
			);
			path = SDWebImage;
			sourceTree = "<group>";
		};
/* End PBXGroup section */

/* Begin PBXNativeTarget section */
		821AB05D1B76517A00E793B1 /* 无法修盖 */ = {
			isa = PBXNativeTarget;
			buildConfigurationList = 821AB0811B76517A00E793B1 /* Build configuration list for PBXNativeTarget "无法修盖" */;
			buildPhases = (
				821AB05A1B76517A00E793B1 /* Sources */,
				821AB05B1B76517A00E793B1 /* Frameworks */,
				821AB05C1B76517A00E793B1 /* Resources */,
			);
			buildRules = (
			);
			dependencies = (
			);
			name = "无法修盖";
			productName = "无法修盖";
			productReference = 821AB05E1B76517A00E793B1 /* 无法修盖.app */;
			productType = "com.apple.product-type.application";
		};
		821AB0761B76517A00E793B1 /* 无法修盖Tests */ = {
			isa = PBXNativeTarget;
			buildConfigurationList = 821AB0841B76517A00E793B1 /* Build configuration list for PBXNativeTarget "无法修盖Tests" */;
			buildPhases = (
				821AB0731B76517A00E793B1 /* Sources */,
				821AB0741B76517A00E793B1 /* Frameworks */,
				821AB0751B76517A00E793B1 /* Resources */,
			);
			buildRules = (
			);
			dependencies = (
				821AB0791B76517A00E793B1 /* PBXTargetDependency */,
			);
			name = "无法修盖Tests";
			productName = "无法修盖Tests";
			productReference = 821AB0771B76517A00E793B1 /* 无法修盖Tests.xctest */;
			productType = "com.apple.product-type.bundle.unit-test";
		};
/* End PBXNativeTarget section */

/* Begin PBXProject section */
		821AB0561B76517A00E793B1 /* Project object */ = {
			isa = PBXProject;
			attributes = {
				LastUpgradeCheck = 0640;
				ORGANIZATIONNAME = SearchPrefect;
				TargetAttributes = {
					821AB05D1B76517A00E793B1 = {
						CreatedOnToolsVersion = 6.4;
					};
					821AB0761B76517A00E793B1 = {
						CreatedOnToolsVersion = 6.4;
						TestTargetID = 821AB05D1B76517A00E793B1;
					};
				};
			};
			buildConfigurationList = 821AB0591B76517A00E793B1 /* Build configuration list for PBXProject "无法修盖" */;
			compatibilityVersion = "Xcode 3.2";
			developmentRegion = English;
			hasScannedForEncodings = 0;
			knownRegions = (
				en,
				Base,
			);
			mainGroup = 821AB0551B76517A00E793B1;
			productRefGroup = 821AB05F1B76517A00E793B1 /* Products */;
			projectDirPath = "";
			projectRoot = "";
			targets = (
				821AB05D1B76517A00E793B1 /* 无法修盖 */,
				821AB0761B76517A00E793B1 /* 无法修盖Tests */,
			);
		};
/* End PBXProject section */

/* Begin PBXResourcesBuildPhase section */
		821AB05C1B76517A00E793B1 /* Resources */ = {
			isa = PBXResourcesBuildPhase;
			buildActionMask = 2147483647;
			files = (
				821AB0721B76517A00E793B1 /* LaunchScreen.xib in Resources */,
				821AB06F1B76517A00E793B1 /* Images.xcassets in Resources */,
			);
			runOnlyForDeploymentPostprocessing = 0;
		};
		821AB0751B76517A00E793B1 /* Resources */ = {
			isa = PBXResourcesBuildPhase;
			buildActionMask = 2147483647;
			files = (
			);
			runOnlyForDeploymentPostprocessing = 0;
		};
/* End PBXResourcesBuildPhase section */

/* Begin PBXSourcesBuildPhase section */
		821AB05A1B76517A00E793B1 /* Sources */ = {
			isa = PBXSourcesBuildPhase;
			buildActionMask = 2147483647;
			files = (
				82FE49C71C0B14C100B7305F /* UIImageView+HighlightedWebCache.m in Sources */,
				82F52DBC1BDFC0D100A509F5 /* HYTOAuthViewController.m in Sources */,
				82C6922A1C0B532F009214CC /* MJFoundation.m in Sources */,
				82D945681BBBB1C10070051B /* NavTitleBtn.m in Sources */,
				82D9455E1BBA88180070051B /* UIImage+Extension.m in Sources */,
				82D945581BBA41050070051B /* DropDownMenu.m in Sources */,
				82C6920F1C0B3D76009214CC /* HYTStatus.m in Sources */,
				82C692311C0B532F009214CC /* NSObject+MJProperty.m in Sources */,
				82FCE0C81C1325B20091CEEF /* HYTStatusPicture.m in Sources */,
				82F52E171BDFDB8A00A509F5 /* AFURLConnectionOperation.m in Sources */,
				82FE49C81C0B14C100B7305F /* UIImageView+WebCache.m in Sources */,
				82F52E161BDFDB8A00A509F5 /* AFSecurityPolicy.m in Sources */,
				826298E71B766D2C00E1680C /* HYTabbarController.m in Sources */,
				82FE49CF1C0B38A600B7305F /* HYTUser.m in Sources */,
				82C6922C1C0B532F009214CC /* MJPropertyKey.m in Sources */,
				82FE49C31C0B14C100B7305F /* UIButton+WebCache.m in Sources */,
				823FF7F31C118E2700D51B60 /* HYTStatusFrame.m in Sources */,
				82F52E141BDFDB8A00A509F5 /* AFHTTPSessionManager.m in Sources */,
				826298DE1B766B4100E1680C /* HYHomePageController.m in Sources */,
				826298DD1B766B4100E1680C /* HYDiscoverController.m in Sources */,
				82FE49C41C0B14C100B7305F /* UIImage+GIF.m in Sources */,
				82FE49C21C0B14C100B7305F /* SDWebImagePrefetcher.m in Sources */,
				826298E31B766B4100E1680C /* HYTest1ViewController.m in Sources */,
				8265CBC41BE73F7500E8A690 /* Constant.m in Sources */,
				8292F0B31C3381EE00B0DEE8 /* HYTStatusPicturesView.m in Sources */,
				823977DE1C045E7F00707E75 /* HYTAccountTool.m in Sources */,
				82C6922F1C0B532F009214CC /* NSObject+MJCoding.m in Sources */,
				82FE49BD1C0B14C100B7305F /* SDWebImageCompat.m in Sources */,
				82FE49BF1C0B14C100B7305F /* SDWebImageDownloader.m in Sources */,
				82FE49C01C0B14C100B7305F /* SDWebImageDownloaderOperation.m in Sources */,
				82FE49BE1C0B14C100B7305F /* SDWebImageDecoder.m in Sources */,
				82FE49C11C0B14C100B7305F /* SDWebImageManager.m in Sources */,
				8292F0B01C3381D000B0DEE8 /* HYTStatusPictureView.m in Sources */,
				823977E21C04732A00707E75 /* UIWindow+Extension.m in Sources */,
				82C692281C0B532F009214CC /* MJDictionaryCache.m in Sources */,
				8206786D1BB1B6FB00F698C0 /* HYSearchBar.m in Sources */,
				826298E11B766B4100E1680C /* HYMessageCenterController.m in Sources */,
				826298E41B766B4100E1680C /* HYTest2ViewController.m in Sources */,
				82F52E131BDFDB8A00A509F5 /* AFHTTPRequestOperationManager.m in Sources */,
				82C6922E1C0B532F009214CC /* NSObject+MJClass.m in Sources */,
				82C6922D1C0B532F009214CC /* MJPropertyType.m in Sources */,
				82FE49C91C0B14C100B7305F /* UIView+WebCacheOperation.m in Sources */,
				82A2397E1BB05118006AD4C7 /* UIBarButtonItem+Extension.m in Sources */,
				82F52E121BDFDB8A00A509F5 /* AFHTTPRequestOperation.m in Sources */,
				82F52E1A1BDFDB8A00A509F5 /* AFURLSessionManager.m in Sources */,
				827CCE0A1BD544E3005B5FAD /* HYTNewFeatureController.m in Sources */,
				82F52E151BDFDB8A00A509F5 /* AFNetworkReachabilityManager.m in Sources */,
				82FE49BA1C0B14C100B7305F /* MKAnnotationView+WebCache.m in Sources */,
				824680611C11C52900B81579 /* NSString+Extension.m in Sources */,
				82FE49C51C0B14C100B7305F /* UIImage+MultiFormat.m in Sources */,
				82F52E191BDFDB8A00A509F5 /* AFURLResponseSerialization.m in Sources */,
				82C692291C0B532F009214CC /* MJExtensionConst.m in Sources */,
				82C692301C0B532F009214CC /* NSObject+MJKeyValue.m in Sources */,
				82F52E181BDFDB8A00A509F5 /* AFURLRequestSerialization.m in Sources */,
				8217FF941C0DF4500063A100 /* HYTFooterRefreshView.m in Sources */,
				82FE49BB1C0B14C100B7305F /* NSData+ImageContentType.m in Sources */,
				82C692321C0B532F009214CC /* NSString+MJExtension.m in Sources */,
				826298E01B766B4100E1680C /* main.m in Sources */,
				820191061C1488BC00F5F7CA /* HYTStatusCellToolBar.m in Sources */,
				82FE49C61C0B14C100B7305F /* UIImage+WebP.m in Sources */,
				823FF7F01C118E1200D51B60 /* HYTStatusCell.m in Sources */,
				82D9455B1BBA6D090070051B /* UIView+Extension.m in Sources */,
				826298E21B766B4100E1680C /* HYProflieController.m in Sources */,
				826298EA1B766D5100E1680C /* HYNavigationController.m in Sources */,
				82C6922B1C0B532F009214CC /* MJProperty.m in Sources */,
				82830EEB1C0431470019B30D /* HYTAccount.m in Sources */,
				82907D351BBADE9D0043D7F4 /* YTTabBar.m in Sources */,
				826298DF1B766B4100E1680C /* AppDelegate.m in Sources */,
				82FE49BC1C0B14C100B7305F /* SDImageCache.m in Sources */,
			);
			runOnlyForDeploymentPostprocessing = 0;
		};
		821AB0731B76517A00E793B1 /* Sources */ = {
			isa = PBXSourcesBuildPhase;
			buildActionMask = 2147483647;
			files = (
				821AB07E1B76517A00E793B1 /* ____Tests.m in Sources */,
			);
			runOnlyForDeploymentPostprocessing = 0;
		};
/* End PBXSourcesBuildPhase section */

/* Begin PBXTargetDependency section */
		821AB0791B76517A00E793B1 /* PBXTargetDependency */ = {
			isa = PBXTargetDependency;
			target = 821AB05D1B76517A00E793B1 /* 无法修盖 */;
			targetProxy = 821AB0781B76517A00E793B1 /* PBXContainerItemProxy */;
		};
/* End PBXTargetDependency section */

/* Begin PBXVariantGroup section */
		821AB0701B76517A00E793B1 /* LaunchScreen.xib */ = {
			isa = PBXVariantGroup;
			children = (
				821AB0711B76517A00E793B1 /* Base */,
			);
			name = LaunchScreen.xib;
			sourceTree = "<group>";
		};
/* End PBXVariantGroup section */

/* Begin XCBuildConfiguration section */
		821AB07F1B76517A00E793B1 /* Debug */ = {
			isa = XCBuildConfiguration;
			buildSettings = {
				ALWAYS_SEARCH_USER_PATHS = NO;
				CLANG_CXX_LANGUAGE_STANDARD = "gnu++0x";
				CLANG_CXX_LIBRARY = "libc++";
				CLANG_ENABLE_MODULES = YES;
				CLANG_ENABLE_OBJC_ARC = YES;
				CLANG_WARN_BOOL_CONVERSION = YES;
				CLANG_WARN_CONSTANT_CONVERSION = YES;
				CLANG_WARN_DIRECT_OBJC_ISA_USAGE = YES_ERROR;
				CLANG_WARN_EMPTY_BODY = YES;
				CLANG_WARN_ENUM_CONVERSION = YES;
				CLANG_WARN_INT_CONVERSION = YES;
				CLANG_WARN_OBJC_ROOT_CLASS = YES_ERROR;
				CLANG_WARN_UNREACHABLE_CODE = YES;
				CLANG_WARN__DUPLICATE_METHOD_MATCH = YES;
				"CODE_SIGN_IDENTITY[sdk=iphoneos*]" = "iPhone Developer";
				COPY_PHASE_STRIP = NO;
				DEBUG_INFORMATION_FORMAT = "dwarf-with-dsym";
				ENABLE_STRICT_OBJC_MSGSEND = YES;
				GCC_C_LANGUAGE_STANDARD = gnu99;
				GCC_DYNAMIC_NO_PIC = NO;
				GCC_NO_COMMON_BLOCKS = YES;
				GCC_OPTIMIZATION_LEVEL = 0;
				GCC_PREFIX_HEADER = "$(SRCROOT)/无法修盖/MicroBlog.pch";
				GCC_PREPROCESSOR_DEFINITIONS = (
					"DEBUG=1",
					"$(inherited)",
				);
				GCC_SYMBOLS_PRIVATE_EXTERN = NO;
				GCC_WARN_64_TO_32_BIT_CONVERSION = YES;
				GCC_WARN_ABOUT_RETURN_TYPE = YES_ERROR;
				GCC_WARN_UNDECLARED_SELECTOR = YES;
				GCC_WARN_UNINITIALIZED_AUTOS = YES_AGGRESSIVE;
				GCC_WARN_UNUSED_FUNCTION = YES;
				GCC_WARN_UNUSED_VARIABLE = YES;
				IPHONEOS_DEPLOYMENT_TARGET = 8.4;
				MTL_ENABLE_DEBUG_INFO = YES;
				ONLY_ACTIVE_ARCH = YES;
				SDKROOT = iphoneos;
			};
			name = Debug;
		};
		821AB0801B76517A00E793B1 /* Release */ = {
			isa = XCBuildConfiguration;
			buildSettings = {
				ALWAYS_SEARCH_USER_PATHS = NO;
				CLANG_CXX_LANGUAGE_STANDARD = "gnu++0x";
				CLANG_CXX_LIBRARY = "libc++";
				CLANG_ENABLE_MODULES = YES;
				CLANG_ENABLE_OBJC_ARC = YES;
				CLANG_WARN_BOOL_CONVERSION = YES;
				CLANG_WARN_CONSTANT_CONVERSION = YES;
				CLANG_WARN_DIRECT_OBJC_ISA_USAGE = YES_ERROR;
				CLANG_WARN_EMPTY_BODY = YES;
				CLANG_WARN_ENUM_CONVERSION = YES;
				CLANG_WARN_INT_CONVERSION = YES;
				CLANG_WARN_OBJC_ROOT_CLASS = YES_ERROR;
				CLANG_WARN_UNREACHABLE_CODE = YES;
				CLANG_WARN__DUPLICATE_METHOD_MATCH = YES;
				"CODE_SIGN_IDENTITY[sdk=iphoneos*]" = "iPhone Developer";
				COPY_PHASE_STRIP = NO;
				DEBUG_INFORMATION_FORMAT = "dwarf-with-dsym";
				ENABLE_NS_ASSERTIONS = NO;
				ENABLE_STRICT_OBJC_MSGSEND = YES;
				GCC_C_LANGUAGE_STANDARD = gnu99;
				GCC_NO_COMMON_BLOCKS = YES;
				GCC_PREFIX_HEADER = "$(SRCROOT)/无法修盖/MicroBlog.pch";
				GCC_WARN_64_TO_32_BIT_CONVERSION = YES;
				GCC_WARN_ABOUT_RETURN_TYPE = YES_ERROR;
				GCC_WARN_UNDECLARED_SELECTOR = YES;
				GCC_WARN_UNINITIALIZED_AUTOS = YES_AGGRESSIVE;
				GCC_WARN_UNUSED_FUNCTION = YES;
				GCC_WARN_UNUSED_VARIABLE = YES;
				IPHONEOS_DEPLOYMENT_TARGET = 8.4;
				MTL_ENABLE_DEBUG_INFO = NO;
				SDKROOT = iphoneos;
				VALIDATE_PRODUCT = YES;
			};
			name = Release;
		};
		821AB0821B76517A00E793B1 /* Debug */ = {
			isa = XCBuildConfiguration;
			buildSettings = {
				ASSETCATALOG_COMPILER_APPICON_NAME = AppIcon;
				INFOPLIST_FILE = "无法修盖/Info.plist";
				IPHONEOS_DEPLOYMENT_TARGET = 7.1;
				LD_RUNPATH_SEARCH_PATHS = "$(inherited) @executable_path/Frameworks";
				PRODUCT_NAME = "$(TARGET_NAME)";
			};
			name = Debug;
		};
		821AB0831B76517A00E793B1 /* Release */ = {
			isa = XCBuildConfiguration;
			buildSettings = {
				ASSETCATALOG_COMPILER_APPICON_NAME = AppIcon;
				INFOPLIST_FILE = "无法修盖/Info.plist";
				IPHONEOS_DEPLOYMENT_TARGET = 7.1;
				LD_RUNPATH_SEARCH_PATHS = "$(inherited) @executable_path/Frameworks";
				PRODUCT_NAME = "$(TARGET_NAME)";
			};
			name = Release;
		};
		821AB0851B76517A00E793B1 /* Debug */ = {
			isa = XCBuildConfiguration;
			buildSettings = {
				BUNDLE_LOADER = "$(TEST_HOST)";
				FRAMEWORK_SEARCH_PATHS = (
					"$(SDKROOT)/Developer/Library/Frameworks",
					"$(inherited)",
				);
				GCC_PREPROCESSOR_DEFINITIONS = (
					"DEBUG=1",
					"$(inherited)",
				);
				INFOPLIST_FILE = "无法修盖Tests/Info.plist";
				LD_RUNPATH_SEARCH_PATHS = "$(inherited) @executable_path/Frameworks @loader_path/Frameworks";
				PRODUCT_NAME = "$(TARGET_NAME)";
				TEST_HOST = "$(BUILT_PRODUCTS_DIR)/无法修盖.app/无法修盖";
			};
			name = Debug;
		};
		821AB0861B76517A00E793B1 /* Release */ = {
			isa = XCBuildConfiguration;
			buildSettings = {
				BUNDLE_LOADER = "$(TEST_HOST)";
				FRAMEWORK_SEARCH_PATHS = (
					"$(SDKROOT)/Developer/Library/Frameworks",
					"$(inherited)",
				);
				INFOPLIST_FILE = "无法修盖Tests/Info.plist";
				LD_RUNPATH_SEARCH_PATHS = "$(inherited) @executable_path/Frameworks @loader_path/Frameworks";
				PRODUCT_NAME = "$(TARGET_NAME)";
				TEST_HOST = "$(BUILT_PRODUCTS_DIR)/无法修盖.app/无法修盖";
			};
			name = Release;
		};
/* End XCBuildConfiguration section */

/* Begin XCConfigurationList section */
		821AB0591B76517A00E793B1 /* Build configuration list for PBXProject "无法修盖" */ = {
			isa = XCConfigurationList;
			buildConfigurations = (
				821AB07F1B76517A00E793B1 /* Debug */,
				821AB0801B76517A00E793B1 /* Release */,
			);
			defaultConfigurationIsVisible = 0;
			defaultConfigurationName = Release;
		};
		821AB0811B76517A00E793B1 /* Build configuration list for PBXNativeTarget "无法修盖" */ = {
			isa = XCConfigurationList;
			buildConfigurations = (
				821AB0821B76517A00E793B1 /* Debug */,
				821AB0831B76517A00E793B1 /* Release */,
			);
			defaultConfigurationIsVisible = 0;
			defaultConfigurationName = Release;
		};
		821AB0841B76517A00E793B1 /* Build configuration list for PBXNativeTarget "无法修盖Tests" */ = {
			isa = XCConfigurationList;
			buildConfigurations = (
				821AB0851B76517A00E793B1 /* Debug */,
				821AB0861B76517A00E793B1 /* Release */,
			);
			defaultConfigurationIsVisible = 0;
			defaultConfigurationName = Release;
		};
/* End XCConfigurationList section */
	};
	rootObject = 821AB0561B76517A00E793B1 /* Project object */;
}
